
Microsoft Visual Studio Solution File, Format Version 12.00
# Visual Studio 14
VisualStudioVersion = 14.0.23107.0
MinimumVisualStudioVersion = 10.0.40219.1
Project("{FAE04EC0-301F-11D3-BF4B-00C04F79EFBC}") = "OctoDemo", "OctoDemo\OctoDemo.csproj", "{79EDCBFF-9726-4316-B894-1F42F5F0778C}"
EndProject
Project("{2150E333-8FDC-42A3-9474-1A3956D46DE8}") = "Solution Items", "Solution Items", "{638DDE3D-753E-46D7-B887-D22EAE83D2A5}"
	ProjectSection(SolutionItems) = preProject
		ReleaseNotes.md = ReleaseNotes.md
	EndProjectSection
EndProject
Global
	GlobalSection(SolutionConfigurationPlatforms) = preSolution
		Acc|Any CPU = Acc|Any CPU
		Debug|Any CPU = Debug|Any CPU
		Prod|Any CPU = Prod|Any CPU
		Release|Any CPU = Release|Any CPU
		systemtest|Any CPU = systemtest|Any CPU
	EndGlobalSection
	GlobalSection(ProjectConfigurationPlatforms) = postSolution
		{79EDCBFF-9726-4316-B894-1F42F5F0778C}.Acc|Any CPU.ActiveCfg = Release|Any CPU
		{79EDCBFF-9726-4316-B894-1F42F5F0778C}.Acc|Any CPU.Build.0 = Release|Any CPU
		{79EDCBFF-9726-4316-B894-1F42F5F0778C}.Debug|Any CPU.ActiveCfg = Debug|Any CPU
		{79EDCBFF-9726-4316-B894-1F42F5F0778C}.Debug|Any CPU.Build.0 = Debug|Any CPU
		{79EDCBFF-9726-4316-B894-1F42F5F0778C}.Prod|Any CPU.ActiveCfg = Debug|Any CPU
		{79EDCBFF-9726-4316-B894-1F42F5F0778C}.Prod|Any CPU.Build.0 = Debug|Any CPU
		{79EDCBFF-9726-4316-B894-1F42F5F0778C}.Release|Any CPU.ActiveCfg = Release|Any CPU
		{79EDCBFF-9726-4316-B894-1F42F5F0778C}.Release|Any CPU.Build.0 = Release|Any CPU
		{79EDCBFF-9726-4316-B894-1F42F5F0778C}.systemtest|Any CPU.ActiveCfg = Release|Any CPU
		{79EDCBFF-9726-4316-B894-1F42F5F0778C}.systemtest|Any CPU.Build.0 = Release|Any CPU
	EndGlobalSection
	GlobalSection(SolutionProperties) = preSolution
		HideSolutionNode = FALSE
	EndGlobalSection
EndGlobal
